
Microsoft Visual Studio Solution File, Format Version 12.00
# Visual Studio Version 17
VisualStudioVersion = 17.0.31903.59
MinimumVisualStudioVersion = 10.0.40219.1
Project("{2150E333-8FDC-42A3-9474-1A3956D46DE8}") = "test", "test", "{88B40931-E58C-42C6-854C-CC7409EF1E75}"
EndProject
Project("{FAE04EC0-301F-11D3-BF4B-00C04F79EFBC}") = "AzAppDevContainer.Test", "test\AzAppDevContainer.Test\AzAppDevContainer.Test.csproj", "{FDB29933-2EA0-4F1A-91BE-5FD108AE992C}"
EndProject
Project("{2150E333-8FDC-42A3-9474-1A3956D46DE8}") = "src", "src", "{984C3FB9-4793-4605-99A7-DE40A104BD51}"
EndProject
Project("{FAE04EC0-301F-11D3-BF4B-00C04F79EFBC}") = "AzAppDevContainer.App", "src\AzAppDevContainer.App\AzAppDevContainer.App.csproj", "{1FC5CDC3-35F1-4C3D-9E5E-61A444ECF845}"
EndProject
Global
	GlobalSection(SolutionConfigurationPlatforms) = preSolution
		Debug|Any CPU = Debug|Any CPU
		Release|Any CPU = Release|Any CPU
	EndGlobalSection
	GlobalSection(SolutionProperties) = preSolution
		HideSolutionNode = FALSE
	EndGlobalSection
	GlobalSection(ProjectConfigurationPlatforms) = postSolution
		{C77F549B-7E7D-4A65-88A3-A0C43F76B96D}.Debug|Any CPU.ActiveCfg = Debug|Any CPU
		{C77F549B-7E7D-4A65-88A3-A0C43F76B96D}.Debug|Any CPU.Build.0 = Debug|Any CPU
		{C77F549B-7E7D-4A65-88A3-A0C43F76B96D}.Release|Any CPU.ActiveCfg = Release|Any CPU
		{C77F549B-7E7D-4A65-88A3-A0C43F76B96D}.Release|Any CPU.Build.0 = Release|Any CPU
		{FDB29933-2EA0-4F1A-91BE-5FD108AE992C}.Debug|Any CPU.ActiveCfg = Debug|Any CPU
		{FDB29933-2EA0-4F1A-91BE-5FD108AE992C}.Debug|Any CPU.Build.0 = Debug|Any CPU
		{FDB29933-2EA0-4F1A-91BE-5FD108AE992C}.Release|Any CPU.ActiveCfg = Release|Any CPU
		{FDB29933-2EA0-4F1A-91BE-5FD108AE992C}.Release|Any CPU.Build.0 = Release|Any CPU
		{1FC5CDC3-35F1-4C3D-9E5E-61A444ECF845}.Debug|Any CPU.ActiveCfg = Debug|Any CPU
		{1FC5CDC3-35F1-4C3D-9E5E-61A444ECF845}.Debug|Any CPU.Build.0 = Debug|Any CPU
		{1FC5CDC3-35F1-4C3D-9E5E-61A444ECF845}.Release|Any CPU.ActiveCfg = Release|Any CPU
		{1FC5CDC3-35F1-4C3D-9E5E-61A444ECF845}.Release|Any CPU.Build.0 = Release|Any CPU
	EndGlobalSection
	GlobalSection(NestedProjects) = preSolution
		{FDB29933-2EA0-4F1A-91BE-5FD108AE992C} = {88B40931-E58C-42C6-854C-CC7409EF1E75}
		{1FC5CDC3-35F1-4C3D-9E5E-61A444ECF845} = {984C3FB9-4793-4605-99A7-DE40A104BD51}
	EndGlobalSection
EndGlobal
